
Microsoft Visual Studio Solution File, Format Version 12.00
# Visual Studio Version 16
VisualStudioVersion = 16.0.31112.23
MinimumVisualStudioVersion = 10.0.40219.1
Project("{9A19103F-16F7-4668-BE54-9A1E7A4F7556}") = "CoffeeMachine.Test", "CoffeeMachine.Test\CoffeeMachine.Test.csproj", "{39EAF377-D89E-414A-9FDD-A11A0634C484}"
EndProject
Project("{9A19103F-16F7-4668-BE54-9A1E7A4F7556}") = "CoffeeMachine.Repository", "CoffeeMachine.Repository\CoffeeMachine.Repository.csproj", "{1931CC3E-5D45-4E5C-A729-E548159A481E}"
EndProject
Global
	GlobalSection(SolutionConfigurationPlatforms) = preSolution
		Debug|Any CPU = Debug|Any CPU
		Release|Any CPU = Release|Any CPU
	EndGlobalSection
	GlobalSection(ProjectConfigurationPlatforms) = postSolution
		{39EAF377-D89E-414A-9FDD-A11A0634C484}.Debug|Any CPU.ActiveCfg = Debug|Any CPU
		{39EAF377-D89E-414A-9FDD-A11A0634C484}.Debug|Any CPU.Build.0 = Debug|Any CPU
		{39EAF377-D89E-414A-9FDD-A11A0634C484}.Release|Any CPU.ActiveCfg = Release|Any CPU
		{39EAF377-D89E-414A-9FDD-A11A0634C484}.Release|Any CPU.Build.0 = Release|Any CPU
		{1931CC3E-5D45-4E5C-A729-E548159A481E}.Debug|Any CPU.ActiveCfg = Debug|Any CPU
		{1931CC3E-5D45-4E5C-A729-E548159A481E}.Debug|Any CPU.Build.0 = Debug|Any CPU
		{1931CC3E-5D45-4E5C-A729-E548159A481E}.Release|Any CPU.ActiveCfg = Release|Any CPU
		{1931CC3E-5D45-4E5C-A729-E548159A481E}.Release|Any CPU.Build.0 = Release|Any CPU
	EndGlobalSection
	GlobalSection(SolutionProperties) = preSolution
		HideSolutionNode = FALSE
	EndGlobalSection
	GlobalSection(ExtensibilityGlobals) = postSolution
		SolutionGuid = {956476EB-7B74-47FE-83FF-16D207428B5C}
	EndGlobalSection
EndGlobal
